
Microsoft Visual Studio Solution File, Format Version 12.00
# Visual Studio Version 17
VisualStudioVersion = 17.4.33110.190
MinimumVisualStudioVersion = 10.0.40219.1
Project("{FAE04EC0-301F-11D3-BF4B-00C04F79EFBC}") = "FileTaggingApp", "FileTaggingApp.csproj", "{D6D75C52-22B2-4EAA-A9F1-750942069812}"
EndProject
Project("{54435603-DBB4-11D2-8724-00A0C9A8B90C}") = "TaggingPrimeApp", "..\TaggingPrimeApp\TaggingPrimeApp.vdproj", "{07B1E108-C272-4FCB-B403-967042BCAC87}"
EndProject
Global
	GlobalSection(SolutionConfigurationPlatforms) = preSolution
		Debug|Any CPU = Debug|Any CPU
		Release|Any CPU = Release|Any CPU
	EndGlobalSection
	GlobalSection(ProjectConfigurationPlatforms) = postSolution
		{D6D75C52-22B2-4EAA-A9F1-750942069812}.Debug|Any CPU.ActiveCfg = Debug|Any CPU
		{D6D75C52-22B2-4EAA-A9F1-750942069812}.Debug|Any CPU.Build.0 = Debug|Any CPU
		{D6D75C52-22B2-4EAA-A9F1-750942069812}.Release|Any CPU.ActiveCfg = Release|Any CPU
		{D6D75C52-22B2-4EAA-A9F1-750942069812}.Release|Any CPU.Build.0 = Release|Any CPU
		{07B1E108-C272-4FCB-B403-967042BCAC87}.Debug|Any CPU.ActiveCfg = Debug
		{07B1E108-C272-4FCB-B403-967042BCAC87}.Release|Any CPU.ActiveCfg = Release
	EndGlobalSection
	GlobalSection(SolutionProperties) = preSolution
		HideSolutionNode = FALSE
	EndGlobalSection
	GlobalSection(ExtensibilityGlobals) = postSolution
		SolutionGuid = {E017D27E-B811-46A5-8373-195AC0BE61D8}
	EndGlobalSection
EndGlobal
